
Microsoft Visual Studio Solution File, Format Version 12.00
# Visual Studio 2013
VisualStudioVersion = 12.0.40629.0
MinimumVisualStudioVersion = 10.0.40219.1
Project("{FAE04EC0-301F-11D3-BF4B-00C04F79EFBC}") = "HMA Signals", "HMA Signals\HMA Signals.csproj", "{3D06BD04-9C2E-43DD-A8F0-E525B41BA418}"
EndProject
Global
	GlobalSection(TeamFoundationVersionControl) = preSolution
		SccNumberOfProjects = 2
		SccEnterpriseProvider = {4CA58AB2-18FA-4F8D-95D4-32DDF27D184C}
		SccTeamFoundationServer = https://phayes.visualstudio.com/defaultcollection
		SccLocalPath0 = .
		SccProjectUniqueName1 = HMA\u0020Signals\\HMA\u0020Signals.csproj
		SccProjectName1 = HMA\u0020Signals
		SccLocalPath1 = HMA\u0020Signals
	EndGlobalSection
	GlobalSection(SolutionConfigurationPlatforms) = preSolution
		Debug|Any CPU = Debug|Any CPU
		Release|Any CPU = Release|Any CPU
	EndGlobalSection
	GlobalSection(ProjectConfigurationPlatforms) = postSolution
		{3D06BD04-9C2E-43DD-A8F0-E525B41BA418}.Debug|Any CPU.ActiveCfg = Debug|Any CPU
		{3D06BD04-9C2E-43DD-A8F0-E525B41BA418}.Debug|Any CPU.Build.0 = Debug|Any CPU
		{3D06BD04-9C2E-43DD-A8F0-E525B41BA418}.Release|Any CPU.ActiveCfg = Release|Any CPU
		{3D06BD04-9C2E-43DD-A8F0-E525B41BA418}.Release|Any CPU.Build.0 = Release|Any CPU
	EndGlobalSection
	GlobalSection(SolutionProperties) = preSolution
		HideSolutionNode = FALSE
	EndGlobalSection
EndGlobal
