
Microsoft Visual Studio Solution File, Format Version 11.00
# Visual Studio 2010
Project("{FAE04EC0-301F-11D3-BF4B-00C04F79EFBC}") = "HMA", "HMA\HMA.csproj", "{004A7FBA-5E42-4A4F-AC15-C6C36B2F43E5}"
EndProject
Global
	GlobalSection(SolutionConfigurationPlatforms) = preSolution
		Debug|Any CPU = Debug|Any CPU
		Release|Any CPU = Release|Any CPU
	EndGlobalSection
	GlobalSection(ProjectConfigurationPlatforms) = postSolution
		{004A7FBA-5E42-4A4F-AC15-C6C36B2F43E5}.Debug|Any CPU.ActiveCfg = Debug|Any CPU
		{004A7FBA-5E42-4A4F-AC15-C6C36B2F43E5}.Debug|Any CPU.Build.0 = Debug|Any CPU
		{004A7FBA-5E42-4A4F-AC15-C6C36B2F43E5}.Release|Any CPU.ActiveCfg = Release|Any CPU
		{004A7FBA-5E42-4A4F-AC15-C6C36B2F43E5}.Release|Any CPU.Build.0 = Release|Any CPU
	EndGlobalSection
	GlobalSection(SolutionProperties) = preSolution
		HideSolutionNode = FALSE
	EndGlobalSection
EndGlobal
