
Microsoft Visual Studio Solution File, Format Version 11.00
# Visual Studio 2010
Project("{FAE04EC0-301F-11D3-BF4B-00C04F79EFBC}") = "ThreeBarInsideBar", "ThreeBarInsideBar\ThreeBarInsideBar.csproj", "{815D42BE-EA67-458C-B763-B4FF1915DD38}"
EndProject
Global
	GlobalSection(SolutionConfigurationPlatforms) = preSolution
		Debug|Any CPU = Debug|Any CPU
		Release|Any CPU = Release|Any CPU
	EndGlobalSection
	GlobalSection(ProjectConfigurationPlatforms) = postSolution
		{815D42BE-EA67-458C-B763-B4FF1915DD38}.Debug|Any CPU.ActiveCfg = Debug|Any CPU
		{815D42BE-EA67-458C-B763-B4FF1915DD38}.Debug|Any CPU.Build.0 = Debug|Any CPU
		{815D42BE-EA67-458C-B763-B4FF1915DD38}.Release|Any CPU.ActiveCfg = Release|Any CPU
		{815D42BE-EA67-458C-B763-B4FF1915DD38}.Release|Any CPU.Build.0 = Release|Any CPU
	EndGlobalSection
	GlobalSection(SolutionProperties) = preSolution
		HideSolutionNode = FALSE
	EndGlobalSection
EndGlobal
