
Microsoft Visual Studio Solution File, Format Version 11.00
# Visual Studio 2010
Project("{FAE04EC0-301F-11D3-BF4B-00C04F79EFBC}") = "SimpleAlgoVIII", "SimpleAlgoVIII\SimpleAlgoVIII.csproj", "{A93DB5E4-283C-45B6-A657-BD7B6389189C}"
EndProject
Global
	GlobalSection(SolutionConfigurationPlatforms) = preSolution
		Debug|Any CPU = Debug|Any CPU
		Release|Any CPU = Release|Any CPU
	EndGlobalSection
	GlobalSection(ProjectConfigurationPlatforms) = postSolution
		{A93DB5E4-283C-45B6-A657-BD7B6389189C}.Debug|Any CPU.ActiveCfg = Debug|Any CPU
		{A93DB5E4-283C-45B6-A657-BD7B6389189C}.Debug|Any CPU.Build.0 = Debug|Any CPU
		{A93DB5E4-283C-45B6-A657-BD7B6389189C}.Release|Any CPU.ActiveCfg = Release|Any CPU
		{A93DB5E4-283C-45B6-A657-BD7B6389189C}.Release|Any CPU.Build.0 = Release|Any CPU
	EndGlobalSection
	GlobalSection(SolutionProperties) = preSolution
		HideSolutionNode = FALSE
	EndGlobalSection
EndGlobal
