
Microsoft Visual Studio Solution File, Format Version 11.00
# Visual Studio 2010
Project("{FAE04EC0-301F-11D3-BF4B-00C04F79EFBC}") = "Candle Pattern", "Candle Pattern\Candle Pattern.csproj", "{97714323-413D-40F0-8E89-9433BE848D03}"
EndProject
Global
	GlobalSection(SolutionConfigurationPlatforms) = preSolution
		Debug|Any CPU = Debug|Any CPU
		Release|Any CPU = Release|Any CPU
	EndGlobalSection
	GlobalSection(ProjectConfigurationPlatforms) = postSolution
		{97714323-413D-40F0-8E89-9433BE848D03}.Debug|Any CPU.ActiveCfg = Debug|Any CPU
		{97714323-413D-40F0-8E89-9433BE848D03}.Debug|Any CPU.Build.0 = Debug|Any CPU
		{97714323-413D-40F0-8E89-9433BE848D03}.Release|Any CPU.ActiveCfg = Release|Any CPU
		{97714323-413D-40F0-8E89-9433BE848D03}.Release|Any CPU.Build.0 = Release|Any CPU
	EndGlobalSection
	GlobalSection(SolutionProperties) = preSolution
		HideSolutionNode = FALSE
	EndGlobalSection
EndGlobal
