
Microsoft Visual Studio Solution File, Format Version 11.00
# Visual Studio 2010
Project("{FAE04EC0-301F-11D3-BF4B-00C04F79EFBC}") = "Guppy EMA", "Guppy EMA\Guppy EMA.csproj", "{D19E2351-F3D0-4E98-B0AA-D1ADDF4FBEF5}"
EndProject
Global
	GlobalSection(SolutionConfigurationPlatforms) = preSolution
		Debug|Any CPU = Debug|Any CPU
		Release|Any CPU = Release|Any CPU
	EndGlobalSection
	GlobalSection(ProjectConfigurationPlatforms) = postSolution
		{D19E2351-F3D0-4E98-B0AA-D1ADDF4FBEF5}.Debug|Any CPU.ActiveCfg = Debug|Any CPU
		{D19E2351-F3D0-4E98-B0AA-D1ADDF4FBEF5}.Debug|Any CPU.Build.0 = Debug|Any CPU
		{D19E2351-F3D0-4E98-B0AA-D1ADDF4FBEF5}.Release|Any CPU.ActiveCfg = Release|Any CPU
		{D19E2351-F3D0-4E98-B0AA-D1ADDF4FBEF5}.Release|Any CPU.Build.0 = Release|Any CPU
	EndGlobalSection
	GlobalSection(SolutionProperties) = preSolution
		HideSolutionNode = FALSE
	EndGlobalSection
EndGlobal
