Microsoft Visual Studio Solution File, Format Version 12.00
# Visual Studio 2013
VisualStudioVersion = 12.0.40629.0
MinimumVisualStudioVersion = 10.0.40219.1
Project("{FAE04EC0-301F-11D3-BF4B-00C04F79EFBC}") = "Fibonacci Grid 1m 5m", "Fibonacci Grid 1m 5m\Fibonacci Grid 1m 5m.csproj", "{966CF9ED-2AC7-4A3A-B71D-D9AD337A18F9}"
EndProject
Global
	GlobalSection(SolutionConfigurationPlatforms) = preSolution
		Debug|Any CPU = Debug|Any CPU
		Release|Any CPU = Release|Any CPU
	EndGlobalSection
	GlobalSection(ProjectConfigurationPlatforms) = postSolution
		{966CF9ED-2AC7-4A3A-B71D-D9AD337A18F9}.Debug|Any CPU.ActiveCfg = Debug|Any CPU
		{966CF9ED-2AC7-4A3A-B71D-D9AD337A18F9}.Debug|Any CPU.Build.0 = Debug|Any CPU
		{966CF9ED-2AC7-4A3A-B71D-D9AD337A18F9}.Release|Any CPU.ActiveCfg = Release|Any CPU
		{966CF9ED-2AC7-4A3A-B71D-D9AD337A18F9}.Release|Any CPU.Build.0 = Release|Any CPU
	EndGlobalSection
	GlobalSection(SolutionProperties) = preSolution
		HideSolutionNode = FALSE
	EndGlobalSection
EndGlobal



Project("{FAE04EC0-301F-11D3-BF4B-00C04F79EFBC}") = "ExponentionalSignalFibGrid", "..\ExponentionalSignalFibGrid\ExponentionalSignalFibGrid\ExponentionalSignalFibGrid.csproj", "{115E6A21-EE5F-48A0-A3D2-3025F6A6A76F}"
EndProject