
Microsoft Visual Studio Solution File, Format Version 11.00
# Visual Studio 2010
Project("{FAE04EC0-301F-11D3-BF4B-00C04F79EFBC}") = "Bladerunner Mechanic  Clean", "Bladerunner Mechanic  Clean\Bladerunner Mechanic  Clean.csproj", "{2C032519-ABD3-45DC-8A5D-F611DA526887}"
EndProject
Global
	GlobalSection(SolutionConfigurationPlatforms) = preSolution
		Debug|Any CPU = Debug|Any CPU
		Release|Any CPU = Release|Any CPU
	EndGlobalSection
	GlobalSection(ProjectConfigurationPlatforms) = postSolution
		{2C032519-ABD3-45DC-8A5D-F611DA526887}.Debug|Any CPU.ActiveCfg = Debug|Any CPU
		{2C032519-ABD3-45DC-8A5D-F611DA526887}.Debug|Any CPU.Build.0 = Debug|Any CPU
		{2C032519-ABD3-45DC-8A5D-F611DA526887}.Release|Any CPU.ActiveCfg = Release|Any CPU
		{2C032519-ABD3-45DC-8A5D-F611DA526887}.Release|Any CPU.Build.0 = Release|Any CPU
	EndGlobalSection
	GlobalSection(SolutionProperties) = preSolution
		HideSolutionNode = FALSE
	EndGlobalSection
EndGlobal


Project("{FAE04EC0-301F-11D3-BF4B-00C04F79EFBC}") = "ADXR", "..\..\Indicators\ADXR\ADXR\ADXR.csproj", "{9CDF932E-CD61-4708-93B7-8CCDF99F9D56}"
EndProject

Project("{FAE04EC0-301F-11D3-BF4B-00C04F79EFBC}") = "Candlestick Tendency II", "..\..\Indicators\Candlestick Tendency II\Candlestick Tendency II\Candlestick Tendency II.csproj", "{7B4D77C5-3CF4-4126-8B83-208AB1DC679F}"
EndProject
Project("{FAE04EC0-301F-11D3-BF4B-00C04F79EFBC}") = "CCI", "..\..\Indicators\CCI\CCI\CCI.csproj", "{889B3D60-EFFA-4195-9EF5-22504D4BB9AF}"
EndProject

Project("{FAE04EC0-301F-11D3-BF4B-00C04F79EFBC}") = "HeikenAshi2", "..\..\Indicators\HeikenAshi2\HeikenAshi2\HeikenAshi2.csproj", "{D2E8A9C8-17A5-406F-835E-5E58249B8BF7}"
EndProject