
Microsoft Visual Studio Solution File, Format Version 11.00
# Visual Studio 2010
Project("{FAE04EC0-301F-11D3-BF4B-00C04F79EFBC}") = "ATR Signals", "ATR Signals\ATR Signals.csproj", "{115E6A21-EE5F-48A0-A3D2-3025F6A6A76F}"
EndProject
Global
	GlobalSection(SolutionConfigurationPlatforms) = preSolution
		Debug|Any CPU = Debug|Any CPU
		Release|Any CPU = Release|Any CPU
	EndGlobalSection
	GlobalSection(ProjectConfigurationPlatforms) = postSolution
		{115E6A21-EE5F-48A0-A3D2-3025F6A6A76F}.Debug|Any CPU.ActiveCfg = Debug|Any CPU
		{115E6A21-EE5F-48A0-A3D2-3025F6A6A76F}.Debug|Any CPU.Build.0 = Debug|Any CPU
		{115E6A21-EE5F-48A0-A3D2-3025F6A6A76F}.Release|Any CPU.ActiveCfg = Release|Any CPU
		{115E6A21-EE5F-48A0-A3D2-3025F6A6A76F}.Release|Any CPU.Build.0 = Release|Any CPU
	EndGlobalSection
	GlobalSection(SolutionProperties) = preSolution
		HideSolutionNode = FALSE
	EndGlobalSection
EndGlobal
