
Microsoft Visual Studio Solution File, Format Version 11.00
# Visual Studio 2010
Project("{FAE04EC0-301F-11D3-BF4B-00C04F79EFBC}") = "Trust_Trader", "Trust_Trader\Trust_Trader.csproj", "{B59F90F2-DF55-4FC8-8E64-108F74F59963}"
EndProject
Global
	GlobalSection(SolutionConfigurationPlatforms) = preSolution
		Debug|Any CPU = Debug|Any CPU
		Release|Any CPU = Release|Any CPU
	EndGlobalSection
	GlobalSection(ProjectConfigurationPlatforms) = postSolution
		{B59F90F2-DF55-4FC8-8E64-108F74F59963}.Debug|Any CPU.ActiveCfg = Debug|Any CPU
		{B59F90F2-DF55-4FC8-8E64-108F74F59963}.Debug|Any CPU.Build.0 = Debug|Any CPU
		{B59F90F2-DF55-4FC8-8E64-108F74F59963}.Release|Any CPU.ActiveCfg = Release|Any CPU
		{B59F90F2-DF55-4FC8-8E64-108F74F59963}.Release|Any CPU.Build.0 = Release|Any CPU
	EndGlobalSection
	GlobalSection(SolutionProperties) = preSolution
		HideSolutionNode = FALSE
	EndGlobalSection
EndGlobal
