
Microsoft Visual Studio Solution File, Format Version 11.00
# Visual Studio 2010
Project("{FAE04EC0-301F-11D3-BF4B-00C04F79EFBC}") = "Regression", "Regression\Regression.csproj", "{B70BA5A0-3C7D-49C5-8345-10E2B707179D}"
EndProject
Global
	GlobalSection(SolutionConfigurationPlatforms) = preSolution
		Debug|Any CPU = Debug|Any CPU
		Release|Any CPU = Release|Any CPU
	EndGlobalSection
	GlobalSection(ProjectConfigurationPlatforms) = postSolution
		{B70BA5A0-3C7D-49C5-8345-10E2B707179D}.Debug|Any CPU.ActiveCfg = Debug|Any CPU
		{B70BA5A0-3C7D-49C5-8345-10E2B707179D}.Debug|Any CPU.Build.0 = Debug|Any CPU
		{B70BA5A0-3C7D-49C5-8345-10E2B707179D}.Release|Any CPU.ActiveCfg = Release|Any CPU
		{B70BA5A0-3C7D-49C5-8345-10E2B707179D}.Release|Any CPU.Build.0 = Release|Any CPU
	EndGlobalSection
	GlobalSection(SolutionProperties) = preSolution
		HideSolutionNode = FALSE
	EndGlobalSection
EndGlobal
