
Microsoft Visual Studio Solution File, Format Version 11.00
# Visual Studio 2010
Project("{FAE04EC0-301F-11D3-BF4B-00C04F79EFBC}") = "Super Profit", "Super Profit\Super Profit.csproj", "{EAA23389-29F2-43E2-A93E-B49236789DDC}"
EndProject
Global
	GlobalSection(SolutionConfigurationPlatforms) = preSolution
		Debug|Any CPU = Debug|Any CPU
		Release|Any CPU = Release|Any CPU
	EndGlobalSection
	GlobalSection(ProjectConfigurationPlatforms) = postSolution
		{EAA23389-29F2-43E2-A93E-B49236789DDC}.Debug|Any CPU.ActiveCfg = Debug|Any CPU
		{EAA23389-29F2-43E2-A93E-B49236789DDC}.Debug|Any CPU.Build.0 = Debug|Any CPU
		{EAA23389-29F2-43E2-A93E-B49236789DDC}.Release|Any CPU.ActiveCfg = Release|Any CPU
		{EAA23389-29F2-43E2-A93E-B49236789DDC}.Release|Any CPU.Build.0 = Release|Any CPU
	EndGlobalSection
	GlobalSection(SolutionProperties) = preSolution
		HideSolutionNode = FALSE
	EndGlobalSection
EndGlobal
